
Microsoft Visual Studio Solution File, Format Version 12.00
# Visual Studio 14
VisualStudioVersion = 14.0.24720.0
MinimumVisualStudioVersion = 10.0.40219.1
Project("{FAE04EC0-301F-11D3-BF4B-00C04F79EFBC}") = "PownedUWP", "PownedUWP\PownedUWP.csproj", "{BC3A851A-04B3-4219-AE26-1F8A07C5369C}"
EndProject
Project("{FAE04EC0-301F-11D3-BF4B-00C04F79EFBC}") = "PownedLogic", "..\PownedLogic\PownedLogic.csproj", "{451944DD-82AE-4B4A-9DE7-571BE763B224}"
EndProject
Project("{FAE04EC0-301F-11D3-BF4B-00C04F79EFBC}") = "PownedBackground", "..\PownedBackgroundWP\PownedBackground.csproj", "{A0AF3EFB-81B7-4F69-BB8D-942899BB9D4E}"
EndProject
Project("{FAE04EC0-301F-11D3-BF4B-00C04F79EFBC}") = "BaseLogic", "..\..\win10apps.nl\BaseLogic\BaseLogic.csproj", "{EE050C83-148E-4402-B25C-BC667D855965}"
EndProject
Global
	GlobalSection(SolutionConfigurationPlatforms) = preSolution
		Debug|Any CPU = Debug|Any CPU
		Debug|ARM = Debug|ARM
		Debug|x64 = Debug|x64
		Debug|x86 = Debug|x86
		Release|Any CPU = Release|Any CPU
		Release|ARM = Release|ARM
		Release|x64 = Release|x64
		Release|x86 = Release|x86
	EndGlobalSection
	GlobalSection(ProjectConfigurationPlatforms) = postSolution
		{BC3A851A-04B3-4219-AE26-1F8A07C5369C}.Debug|Any CPU.ActiveCfg = Debug|x86
		{BC3A851A-04B3-4219-AE26-1F8A07C5369C}.Debug|ARM.ActiveCfg = Debug|ARM
		{BC3A851A-04B3-4219-AE26-1F8A07C5369C}.Debug|ARM.Build.0 = Debug|ARM
		{BC3A851A-04B3-4219-AE26-1F8A07C5369C}.Debug|ARM.Deploy.0 = Debug|ARM
		{BC3A851A-04B3-4219-AE26-1F8A07C5369C}.Debug|x64.ActiveCfg = Debug|x64
		{BC3A851A-04B3-4219-AE26-1F8A07C5369C}.Debug|x64.Build.0 = Debug|x64
		{BC3A851A-04B3-4219-AE26-1F8A07C5369C}.Debug|x64.Deploy.0 = Debug|x64
		{BC3A851A-04B3-4219-AE26-1F8A07C5369C}.Debug|x86.ActiveCfg = Debug|x86
		{BC3A851A-04B3-4219-AE26-1F8A07C5369C}.Debug|x86.Build.0 = Debug|x86
		{BC3A851A-04B3-4219-AE26-1F8A07C5369C}.Debug|x86.Deploy.0 = Debug|x86
		{BC3A851A-04B3-4219-AE26-1F8A07C5369C}.Release|Any CPU.ActiveCfg = Release|x86
		{BC3A851A-04B3-4219-AE26-1F8A07C5369C}.Release|ARM.ActiveCfg = Release|ARM
		{BC3A851A-04B3-4219-AE26-1F8A07C5369C}.Release|ARM.Build.0 = Release|ARM
		{BC3A851A-04B3-4219-AE26-1F8A07C5369C}.Release|ARM.Deploy.0 = Release|ARM
		{BC3A851A-04B3-4219-AE26-1F8A07C5369C}.Release|x64.ActiveCfg = Release|x64
		{BC3A851A-04B3-4219-AE26-1F8A07C5369C}.Release|x64.Build.0 = Release|x64
		{BC3A851A-04B3-4219-AE26-1F8A07C5369C}.Release|x64.Deploy.0 = Release|x64
		{BC3A851A-04B3-4219-AE26-1F8A07C5369C}.Release|x86.ActiveCfg = Release|x86
		{BC3A851A-04B3-4219-AE26-1F8A07C5369C}.Release|x86.Build.0 = Release|x86
		{BC3A851A-04B3-4219-AE26-1F8A07C5369C}.Release|x86.Deploy.0 = Release|x86
		{451944DD-82AE-4B4A-9DE7-571BE763B224}.Debug|Any CPU.ActiveCfg = Debug|Any CPU
		{451944DD-82AE-4B4A-9DE7-571BE763B224}.Debug|Any CPU.Build.0 = Debug|Any CPU
		{451944DD-82AE-4B4A-9DE7-571BE763B224}.Debug|ARM.ActiveCfg = Debug|ARM
		{451944DD-82AE-4B4A-9DE7-571BE763B224}.Debug|ARM.Build.0 = Debug|ARM
		{451944DD-82AE-4B4A-9DE7-571BE763B224}.Debug|x64.ActiveCfg = Debug|Any CPU
		{451944DD-82AE-4B4A-9DE7-571BE763B224}.Debug|x64.Build.0 = Debug|Any CPU
		{451944DD-82AE-4B4A-9DE7-571BE763B224}.Debug|x86.ActiveCfg = Debug|x86
		{451944DD-82AE-4B4A-9DE7-571BE763B224}.Debug|x86.Build.0 = Debug|x86
		{451944DD-82AE-4B4A-9DE7-571BE763B224}.Release|Any CPU.ActiveCfg = Release|Any CPU
		{451944DD-82AE-4B4A-9DE7-571BE763B224}.Release|Any CPU.Build.0 = Release|Any CPU
		{451944DD-82AE-4B4A-9DE7-571BE763B224}.Release|ARM.ActiveCfg = Release|ARM
		{451944DD-82AE-4B4A-9DE7-571BE763B224}.Release|ARM.Build.0 = Release|ARM
		{451944DD-82AE-4B4A-9DE7-571BE763B224}.Release|x64.ActiveCfg = Release|Any CPU
		{451944DD-82AE-4B4A-9DE7-571BE763B224}.Release|x64.Build.0 = Release|Any CPU
		{451944DD-82AE-4B4A-9DE7-571BE763B224}.Release|x86.ActiveCfg = Release|x86
		{451944DD-82AE-4B4A-9DE7-571BE763B224}.Release|x86.Build.0 = Release|x86
		{A0AF3EFB-81B7-4F69-BB8D-942899BB9D4E}.Debug|Any CPU.ActiveCfg = Debug|Any CPU
		{A0AF3EFB-81B7-4F69-BB8D-942899BB9D4E}.Debug|Any CPU.Build.0 = Debug|Any CPU
		{A0AF3EFB-81B7-4F69-BB8D-942899BB9D4E}.Debug|ARM.ActiveCfg = Debug|ARM
		{A0AF3EFB-81B7-4F69-BB8D-942899BB9D4E}.Debug|ARM.Build.0 = Debug|ARM
		{A0AF3EFB-81B7-4F69-BB8D-942899BB9D4E}.Debug|x64.ActiveCfg = Debug|Any CPU
		{A0AF3EFB-81B7-4F69-BB8D-942899BB9D4E}.Debug|x64.Build.0 = Debug|Any CPU
		{A0AF3EFB-81B7-4F69-BB8D-942899BB9D4E}.Debug|x86.ActiveCfg = Debug|x86
		{A0AF3EFB-81B7-4F69-BB8D-942899BB9D4E}.Debug|x86.Build.0 = Debug|x86
		{A0AF3EFB-81B7-4F69-BB8D-942899BB9D4E}.Release|Any CPU.ActiveCfg = Release|Any CPU
		{A0AF3EFB-81B7-4F69-BB8D-942899BB9D4E}.Release|Any CPU.Build.0 = Release|Any CPU
		{A0AF3EFB-81B7-4F69-BB8D-942899BB9D4E}.Release|ARM.ActiveCfg = Release|ARM
		{A0AF3EFB-81B7-4F69-BB8D-942899BB9D4E}.Release|ARM.Build.0 = Release|ARM
		{A0AF3EFB-81B7-4F69-BB8D-942899BB9D4E}.Release|x64.ActiveCfg = Release|Any CPU
		{A0AF3EFB-81B7-4F69-BB8D-942899BB9D4E}.Release|x64.Build.0 = Release|Any CPU
		{A0AF3EFB-81B7-4F69-BB8D-942899BB9D4E}.Release|x86.ActiveCfg = Release|x86
		{A0AF3EFB-81B7-4F69-BB8D-942899BB9D4E}.Release|x86.Build.0 = Release|x86
		{EE050C83-148E-4402-B25C-BC667D855965}.Debug|Any CPU.ActiveCfg = Debug|Any CPU
		{EE050C83-148E-4402-B25C-BC667D855965}.Debug|Any CPU.Build.0 = Debug|Any CPU
		{EE050C83-148E-4402-B25C-BC667D855965}.Debug|ARM.ActiveCfg = Debug|ARM
		{EE050C83-148E-4402-B25C-BC667D855965}.Debug|ARM.Build.0 = Debug|ARM
		{EE050C83-148E-4402-B25C-BC667D855965}.Debug|x64.ActiveCfg = Debug|x64
		{EE050C83-148E-4402-B25C-BC667D855965}.Debug|x64.Build.0 = Debug|x64
		{EE050C83-148E-4402-B25C-BC667D855965}.Debug|x86.ActiveCfg = Debug|x86
		{EE050C83-148E-4402-B25C-BC667D855965}.Debug|x86.Build.0 = Debug|x86
		{EE050C83-148E-4402-B25C-BC667D855965}.Release|Any CPU.ActiveCfg = Release|Any CPU
		{EE050C83-148E-4402-B25C-BC667D855965}.Release|Any CPU.Build.0 = Release|Any CPU
		{EE050C83-148E-4402-B25C-BC667D855965}.Release|ARM.ActiveCfg = Release|ARM
		{EE050C83-148E-4402-B25C-BC667D855965}.Release|ARM.Build.0 = Release|ARM
		{EE050C83-148E-4402-B25C-BC667D855965}.Release|x64.ActiveCfg = Release|x64
		{EE050C83-148E-4402-B25C-BC667D855965}.Release|x64.Build.0 = Release|x64
		{EE050C83-148E-4402-B25C-BC667D855965}.Release|x86.ActiveCfg = Release|x86
		{EE050C83-148E-4402-B25C-BC667D855965}.Release|x86.Build.0 = Release|x86
	EndGlobalSection
	GlobalSection(SolutionProperties) = preSolution
		HideSolutionNode = FALSE
	EndGlobalSection
EndGlobal
